
Microsoft Visual Studio Solution File, Format Version 12.00
# Visual Studio Version 17
VisualStudioVersion = 17.10.34928.147
MinimumVisualStudioVersion = 10.0.40219.1
Project("{9A19103F-16F7-4668-BE54-9A1E7A4F7556}") = "BimGo.Core", "BimGo.Core\BimGo.Core.csproj", "{A6102A6B-3678-472E-8CE5-5888DFB14F87}"
EndProject
Project("{9A19103F-16F7-4668-BE54-9A1E7A4F7556}") = "BimGo.App", "BimGo.App\BimGo.App.csproj", "{1F601BE6-B91A-42C8-A023-946811CC9123}"
EndProject
Project("{9A19103F-16F7-4668-BE54-9A1E7A4F7556}") = "BimGo.Revit", "BimGo.Revit\BimGo.Revit.csproj", "{F24AE672-CB14-45C7-B7AA-677E98DFC41E}"
EndProject
Project("{9A19103F-16F7-4668-BE54-9A1E7A4F7556}") = "BimGo.Core.Tests", "..\tests\BimGo.Core.Tests\BimGo.Core.Tests.csproj", "{7C3E5A1D-4B2F-4E8A-9D61-2F0B8C4A7E13}"
EndProject
Project("{2150E333-8FDC-42A3-9474-1A3956D46DE8}") = "tests", "tests", "{5D9B2E47-1C3A-4F86-B0E2-8A7C6D19F354}"
EndProject
Global
	GlobalSection(SolutionConfigurationPlatforms) = preSolution
		Debug R25|Any CPU = Debug R25|Any CPU
		Debug R26|Any CPU = Debug R26|Any CPU
		Debug R27|Any CPU = Debug R27|Any CPU
		Release R25|Any CPU = Release R25|Any CPU
		Release R26|Any CPU = Release R26|Any CPU
		Release R27|Any CPU = Release R27|Any CPU
	EndGlobalSection
	GlobalSection(ProjectConfigurationPlatforms) = postSolution
		{A6102A6B-3678-472E-8CE5-5888DFB14F87}.Debug R25|Any CPU.ActiveCfg = Debug|Any CPU
		{A6102A6B-3678-472E-8CE5-5888DFB14F87}.Debug R25|Any CPU.Build.0 = Debug|Any CPU
		{A6102A6B-3678-472E-8CE5-5888DFB14F87}.Debug R26|Any CPU.ActiveCfg = Debug|Any CPU
		{A6102A6B-3678-472E-8CE5-5888DFB14F87}.Debug R26|Any CPU.Build.0 = Debug|Any CPU
		{A6102A6B-3678-472E-8CE5-5888DFB14F87}.Debug R27|Any CPU.ActiveCfg = Debug|Any CPU
		{A6102A6B-3678-472E-8CE5-5888DFB14F87}.Debug R27|Any CPU.Build.0 = Debug|Any CPU
		{A6102A6B-3678-472E-8CE5-5888DFB14F87}.Release R25|Any CPU.ActiveCfg = Release|Any CPU
		{A6102A6B-3678-472E-8CE5-5888DFB14F87}.Release R25|Any CPU.Build.0 = Release|Any CPU
		{A6102A6B-3678-472E-8CE5-5888DFB14F87}.Release R26|Any CPU.ActiveCfg = Release|Any CPU
		{A6102A6B-3678-472E-8CE5-5888DFB14F87}.Release R26|Any CPU.Build.0 = Release|Any CPU
		{A6102A6B-3678-472E-8CE5-5888DFB14F87}.Release R27|Any CPU.ActiveCfg = Release|Any CPU
		{A6102A6B-3678-472E-8CE5-5888DFB14F87}.Release R27|Any CPU.Build.0 = Release|Any CPU
		{1F601BE6-B91A-42C8-A023-946811CC9123}.Debug R25|Any CPU.ActiveCfg = Debug|Any CPU
		{1F601BE6-B91A-42C8-A023-946811CC9123}.Debug R25|Any CPU.Build.0 = Debug|Any CPU
		{1F601BE6-B91A-42C8-A023-946811CC9123}.Debug R26|Any CPU.ActiveCfg = Debug|Any CPU
		{1F601BE6-B91A-42C8-A023-946811CC9123}.Debug R26|Any CPU.Build.0 = Debug|Any CPU
		{1F601BE6-B91A-42C8-A023-946811CC9123}.Debug R27|Any CPU.ActiveCfg = Debug|Any CPU
		{1F601BE6-B91A-42C8-A023-946811CC9123}.Debug R27|Any CPU.Build.0 = Debug|Any CPU
		{1F601BE6-B91A-42C8-A023-946811CC9123}.Release R25|Any CPU.ActiveCfg = Release|Any CPU
		{1F601BE6-B91A-42C8-A023-946811CC9123}.Release R25|Any CPU.Build.0 = Release|Any CPU
		{1F601BE6-B91A-42C8-A023-946811CC9123}.Release R26|Any CPU.ActiveCfg = Release|Any CPU
		{1F601BE6-B91A-42C8-A023-946811CC9123}.Release R26|Any CPU.Build.0 = Release|Any CPU
		{1F601BE6-B91A-42C8-A023-946811CC9123}.Release R27|Any CPU.ActiveCfg = Release|Any CPU
		{1F601BE6-B91A-42C8-A023-946811CC9123}.Release R27|Any CPU.Build.0 = Release|Any CPU
		{F24AE672-CB14-45C7-B7AA-677E98DFC41E}.Debug R25|Any CPU.ActiveCfg = Debug R25|Any CPU
		{F24AE672-CB14-45C7-B7AA-677E98DFC41E}.Debug R25|Any CPU.Build.0 = Debug R25|Any CPU
		{F24AE672-CB14-45C7-B7AA-677E98DFC41E}.Debug R26|Any CPU.ActiveCfg = Debug R26|Any CPU
		{F24AE672-CB14-45C7-B7AA-677E98DFC41E}.Debug R26|Any CPU.Build.0 = Debug R26|Any CPU
		{F24AE672-CB14-45C7-B7AA-677E98DFC41E}.Debug R27|Any CPU.ActiveCfg = Debug R27|Any CPU
		{F24AE672-CB14-45C7-B7AA-677E98DFC41E}.Debug R27|Any CPU.Build.0 = Debug R27|Any CPU
		{F24AE672-CB14-45C7-B7AA-677E98DFC41E}.Release R25|Any CPU.ActiveCfg = Release R25|Any CPU
		{F24AE672-CB14-45C7-B7AA-677E98DFC41E}.Release R25|Any CPU.Build.0 = Release R25|Any CPU
		{F24AE672-CB14-45C7-B7AA-677E98DFC41E}.Release R26|Any CPU.ActiveCfg = Release R26|Any CPU
		{F24AE672-CB14-45C7-B7AA-677E98DFC41E}.Release R26|Any CPU.Build.0 = Release R26|Any CPU
		{F24AE672-CB14-45C7-B7AA-677E98DFC41E}.Release R27|Any CPU.ActiveCfg = Release R27|Any CPU
		{F24AE672-CB14-45C7-B7AA-677E98DFC41E}.Release R27|Any CPU.Build.0 = Release R27|Any CPU
		{7C3E5A1D-4B2F-4E8A-9D61-2F0B8C4A7E13}.Debug R25|Any CPU.ActiveCfg = Debug|Any CPU
		{7C3E5A1D-4B2F-4E8A-9D61-2F0B8C4A7E13}.Debug R25|Any CPU.Build.0 = Debug|Any CPU
		{7C3E5A1D-4B2F-4E8A-9D61-2F0B8C4A7E13}.Debug R26|Any CPU.ActiveCfg = Debug|Any CPU
		{7C3E5A1D-4B2F-4E8A-9D61-2F0B8C4A7E13}.Debug R26|Any CPU.Build.0 = Debug|Any CPU
		{7C3E5A1D-4B2F-4E8A-9D61-2F0B8C4A7E13}.Debug R27|Any CPU.ActiveCfg = Debug|Any CPU
		{7C3E5A1D-4B2F-4E8A-9D61-2F0B8C4A7E13}.Debug R27|Any CPU.Build.0 = Debug|Any CPU
		{7C3E5A1D-4B2F-4E8A-9D61-2F0B8C4A7E13}.Release R25|Any CPU.ActiveCfg = Release|Any CPU
		{7C3E5A1D-4B2F-4E8A-9D61-2F0B8C4A7E13}.Release R25|Any CPU.Build.0 = Release|Any CPU
		{7C3E5A1D-4B2F-4E8A-9D61-2F0B8C4A7E13}.Release R26|Any CPU.ActiveCfg = Release|Any CPU
		{7C3E5A1D-4B2F-4E8A-9D61-2F0B8C4A7E13}.Release R26|Any CPU.Build.0 = Release|Any CPU
		{7C3E5A1D-4B2F-4E8A-9D61-2F0B8C4A7E13}.Release R27|Any CPU.ActiveCfg = Release|Any CPU
		{7C3E5A1D-4B2F-4E8A-9D61-2F0B8C4A7E13}.Release R27|Any CPU.Build.0 = Release|Any CPU
	EndGlobalSection
	GlobalSection(SolutionProperties) = preSolution
		HideSolutionNode = FALSE
	EndGlobalSection
	GlobalSection(NestedProjects) = preSolution
		{7C3E5A1D-4B2F-4E8A-9D61-2F0B8C4A7E13} = {5D9B2E47-1C3A-4F86-B0E2-8A7C6D19F354}
	EndGlobalSection
	GlobalSection(ExtensibilityGlobals) = postSolution
		SolutionGuid = {84C29ED2-8072-439A-A09E-0BC95AA9F961}
	EndGlobalSection
EndGlobal
